// !$*UTF8*$!
{
	archiveVersion = 1;
	classes = {
	};
	objectVersion = 50;
	objects = {

/* Begin PBXBuildFile section */
		5F93658F228F54A40060B7E5 /* AppDelegate.swift in Sources */ = {isa = PBXBuildFile; fileRef = 5F93658E228F54A40060B7E5 /* AppDelegate.swift */; };
		5F936592228F54A40060B7E5 /* Pomodoro.xcdatamodeld in Sources */ = {isa = PBXBuildFile; fileRef = 5F936590228F54A40060B7E5 /* Pomodoro.xcdatamodeld */; };
		5F936594228F54A60060B7E5 /* Assets.xcassets in Resources */ = {isa = PBXBuildFile; fileRef = 5F936593228F54A60060B7E5 /* Assets.xcassets */; };
		5F936597228F54A60060B7E5 /* MainMenu.xib in Resources */ = {isa = PBXBuildFile; fileRef = 5F936595228F54A60060B7E5 /* MainMenu.xib */; };
		5F9365A3228F54A60060B7E5 /* PomodoroTests.swift in Sources */ = {isa = PBXBuildFile; fileRef = 5F9365A2228F54A60060B7E5 /* PomodoroTests.swift */; };
		5FAD0B7D228F5A8A0036C81E /* PomodoroStatusMenuController.swift in Sources */ = {isa = PBXBuildFile; fileRef = 5FAD0B7C228F5A8A0036C81E /* PomodoroStatusMenuController.swift */; };
		5FAD0B7F228F5C3C0036C81E /* PomodoroTimer.swift in Sources */ = {isa = PBXBuildFile; fileRef = 5FAD0B7E228F5C3C0036C81E /* PomodoroTimer.swift */; };
		5FAD0B81228F77280036C81E /* TimerView.swift in Sources */ = {isa = PBXBuildFile; fileRef = 5FAD0B80228F77280036C81E /* TimerView.swift */; };
/* End PBXBuildFile section */

/* Begin PBXContainerItemProxy section */
		5F93659F228F54A60060B7E5 /* PBXContainerItemProxy */ = {
			isa = PBXContainerItemProxy;
			containerPortal = 5F936583228F54A40060B7E5 /* Project object */;
			proxyType = 1;
			remoteGlobalIDString = 5F93658A228F54A40060B7E5;
			remoteInfo = Pomodoro;
		};
/* End PBXContainerItemProxy section */

/* Begin PBXFileReference section */
		5F93658B228F54A40060B7E5 /* Pomodoro.app */ = {isa = PBXFileReference; explicitFileType = wrapper.application; includeInIndex = 0; path = Pomodoro.app; sourceTree = BUILT_PRODUCTS_DIR; };
		5F93658E228F54A40060B7E5 /* AppDelegate.swift */ = {isa = PBXFileReference; lastKnownFileType = sourcecode.swift; path = AppDelegate.swift; sourceTree = "<group>"; };
		5F936591228F54A40060B7E5 /* Pomodoro.xcdatamodel */ = {isa = PBXFileReference; lastKnownFileType = wrapper.xcdatamodel; path = Pomodoro.xcdatamodel; sourceTree = "<group>"; };
		5F936593228F54A60060B7E5 /* Assets.xcassets */ = {isa = PBXFileReference; lastKnownFileType = folder.assetcatalog; path = Assets.xcassets; sourceTree = "<group>"; };
		5F936596228F54A60060B7E5 /* Base */ = {isa = PBXFileReference; lastKnownFileType = file.xib; name = Base; path = Base.lproj/MainMenu.xib; sourceTree = "<group>"; };
		5F936598228F54A60060B7E5 /* Info.plist */ = {isa = PBXFileReference; lastKnownFileType = text.plist.xml; path = Info.plist; sourceTree = "<group>"; };
		5F936599228F54A60060B7E5 /* Pomodoro.entitlements */ = {isa = PBXFileReference; lastKnownFileType = text.plist.entitlements; path = Pomodoro.entitlements; sourceTree = "<group>"; };
		5F93659E228F54A60060B7E5 /* PomodoroTests.xctest */ = {isa = PBXFileReference; explicitFileType = wrapper.cfbundle; includeInIndex = 0; path = PomodoroTests.xctest; sourceTree = BUILT_PRODUCTS_DIR; };
		5F9365A2228F54A60060B7E5 /* PomodoroTests.swift */ = {isa = PBXFileReference; lastKnownFileType = sourcecode.swift; path = PomodoroTests.swift; sourceTree = "<group>"; };
		5F9365A4228F54A60060B7E5 /* Info.plist */ = {isa = PBXFileReference; lastKnownFileType = text.plist.xml; path = Info.plist; sourceTree = "<group>"; };
		5FAD0B7C228F5A8A0036C81E /* PomodoroStatusMenuController.swift */ = {isa = PBXFileReference; lastKnownFileType = sourcecode.swift; path = PomodoroStatusMenuController.swift; sourceTree = "<group>"; };
		5FAD0B7E228F5C3C0036C81E /* PomodoroTimer.swift */ = {isa = PBXFileReference; lastKnownFileType = sourcecode.swift; path = PomodoroTimer.swift; sourceTree = "<group>"; };
		5FAD0B80228F77280036C81E /* TimerView.swift */ = {isa = PBXFileReference; lastKnownFileType = sourcecode.swift; path = TimerView.swift; sourceTree = "<group>"; };
/* End PBXFileReference section */

/* Begin PBXFrameworksBuildPhase section */
		5F936588228F54A40060B7E5 /* Frameworks */ = {
			isa = PBXFrameworksBuildPhase;
			buildActionMask = 2147483647;
			files = (
			);
			runOnlyForDeploymentPostprocessing = 0;
		};
		5F93659B228F54A60060B7E5 /* Frameworks */ = {
			isa = PBXFrameworksBuildPhase;
			buildActionMask = 2147483647;
			files = (
			);
			runOnlyForDeploymentPostprocessing = 0;
		};
/* End PBXFrameworksBuildPhase section */

/* Begin PBXGroup section */
		5F936582228F54A40060B7E5 = {
			isa = PBXGroup;
			children = (
				5F93658D228F54A40060B7E5 /* Pomodoro */,
				5F9365A1228F54A60060B7E5 /* PomodoroTests */,
				5F93658C228F54A40060B7E5 /* Products */,
			);
			sourceTree = "<group>";
		};
		5F93658C228F54A40060B7E5 /* Products */ = {
			isa = PBXGroup;
			children = (
				5F93658B228F54A40060B7E5 /* Pomodoro.app */,
				5F93659E228F54A60060B7E5 /* PomodoroTests.xctest */,
			);
			name = Products;
			sourceTree = "<group>";
		};
		5F93658D228F54A40060B7E5 /* Pomodoro */ = {
			isa = PBXGroup;
			children = (
				5FAD0B80228F77280036C81E /* TimerView.swift */,
				5F93658E228F54A40060B7E5 /* AppDelegate.swift */,
				5F936593228F54A60060B7E5 /* Assets.xcassets */,
				5F936595228F54A60060B7E5 /* MainMenu.xib */,
				5F936598228F54A60060B7E5 /* Info.plist */,
				5F936599228F54A60060B7E5 /* Pomodoro.entitlements */,
				5F936590228F54A40060B7E5 /* Pomodoro.xcdatamodeld */,
				5FAD0B7C228F5A8A0036C81E /* PomodoroStatusMenuController.swift */,
				5FAD0B7E228F5C3C0036C81E /* PomodoroTimer.swift */,
			);
			path = Pomodoro;
			sourceTree = "<group>";
		};
		5F9365A1228F54A60060B7E5 /* PomodoroTests */ = {
			isa = PBXGroup;
			children = (
				5F9365A2228F54A60060B7E5 /* PomodoroTests.swift */,
				5F9365A4228F54A60060B7E5 /* Info.plist */,
			);
			path = PomodoroTests;
			sourceTree = "<group>";
		};
/* End PBXGroup section */

/* Begin PBXNativeTarget section */
		5F93658A228F54A40060B7E5 /* Pomodoro */ = {
			isa = PBXNativeTarget;
			buildConfigurationList = 5F9365A7228F54A60060B7E5 /* Build configuration list for PBXNativeTarget "Pomodoro" */;
			buildPhases = (
				5F936587228F54A40060B7E5 /* Sources */,
				5F936588228F54A40060B7E5 /* Frameworks */,
				5F936589228F54A40060B7E5 /* Resources */,
			);
			buildRules = (
			);
			dependencies = (
			);
			name = Pomodoro;
			productName = Pomodoro;
			productReference = 5F93658B228F54A40060B7E5 /* Pomodoro.app */;
			productType = "com.apple.product-type.application";
		};
		5F93659D228F54A60060B7E5 /* PomodoroTests */ = {
			isa = PBXNativeTarget;
			buildConfigurationList = 5F9365AA228F54A60060B7E5 /* Build configuration list for PBXNativeTarget "PomodoroTests" */;
			buildPhases = (
				5F93659A228F54A60060B7E5 /* Sources */,
				5F93659B228F54A60060B7E5 /* Frameworks */,
				5F93659C228F54A60060B7E5 /* Resources */,
			);
			buildRules = (
			);
			dependencies = (
				5F9365A0228F54A60060B7E5 /* PBXTargetDependency */,
			);
			name = PomodoroTests;
			productName = PomodoroTests;
			productReference = 5F93659E228F54A60060B7E5 /* PomodoroTests.xctest */;
			productType = "com.apple.product-type.bundle.unit-test";
		};
/* End PBXNativeTarget section */

/* Begin PBXProject section */
		5F936583228F54A40060B7E5 /* Project object */ = {
			isa = PBXProject;
			attributes = {
				LastSwiftUpdateCheck = 1010;
				LastUpgradeCheck = 1010;
				ORGANIZATIONNAME = "Graham Healy";
				TargetAttributes = {
					5F93658A228F54A40060B7E5 = {
						CreatedOnToolsVersion = 10.1;
					};
					5F93659D228F54A60060B7E5 = {
						CreatedOnToolsVersion = 10.1;
						TestTargetID = 5F93658A228F54A40060B7E5;
					};
				};
			};
			buildConfigurationList = 5F936586228F54A40060B7E5 /* Build configuration list for PBXProject "Pomodoro" */;
			compatibilityVersion = "Xcode 9.3";
			developmentRegion = en;
			hasScannedForEncodings = 0;
			knownRegions = (
				en,
				Base,
			);
			mainGroup = 5F936582228F54A40060B7E5;
			productRefGroup = 5F93658C228F54A40060B7E5 /* Products */;
			projectDirPath = "";
			projectRoot = "";
			targets = (
				5F93658A228F54A40060B7E5 /* Pomodoro */,
				5F93659D228F54A60060B7E5 /* PomodoroTests */,
			);
		};
/* End PBXProject section */

/* Begin PBXResourcesBuildPhase section */
		5F936589228F54A40060B7E5 /* Resources */ = {
			isa = PBXResourcesBuildPhase;
			buildActionMask = 2147483647;
			files = (
				5F936594228F54A60060B7E5 /* Assets.xcassets in Resources */,
				5F936597228F54A60060B7E5 /* MainMenu.xib in Resources */,
			);
			runOnlyForDeploymentPostprocessing = 0;
		};
		5F93659C228F54A60060B7E5 /* Resources */ = {
			isa = PBXResourcesBuildPhase;
			buildActionMask = 2147483647;
			files = (
			);
			runOnlyForDeploymentPostprocessing = 0;
		};
/* End PBXResourcesBuildPhase section */

/* Begin PBXSourcesBuildPhase section */
		5F936587228F54A40060B7E5 /* Sources */ = {
			isa = PBXSourcesBuildPhase;
			buildActionMask = 2147483647;
			files = (
				5FAD0B81228F77280036C81E /* TimerView.swift in Sources */,
				5FAD0B7F228F5C3C0036C81E /* PomodoroTimer.swift in Sources */,
				5F936592228F54A40060B7E5 /* Pomodoro.xcdatamodeld in Sources */,
				5FAD0B7D228F5A8A0036C81E /* PomodoroStatusMenuController.swift in Sources */,
				5F93658F228F54A40060B7E5 /* AppDelegate.swift in Sources */,
			);
			runOnlyForDeploymentPostprocessing = 0;
		};
		5F93659A228F54A60060B7E5 /* Sources */ = {
			isa = PBXSourcesBuildPhase;
			buildActionMask = 2147483647;
			files = (
				5F9365A3228F54A60060B7E5 /* PomodoroTests.swift in Sources */,
			);
			runOnlyForDeploymentPostprocessing = 0;
		};
/* End PBXSourcesBuildPhase section */

/* Begin PBXTargetDependency section */
		5F9365A0228F54A60060B7E5 /* PBXTargetDependency */ = {
			isa = PBXTargetDependency;
			target = 5F93658A228F54A40060B7E5 /* Pomodoro */;
			targetProxy = 5F93659F228F54A60060B7E5 /* PBXContainerItemProxy */;
		};
/* End PBXTargetDependency section */

/* Begin PBXVariantGroup section */
		5F936595228F54A60060B7E5 /* MainMenu.xib */ = {
			isa = PBXVariantGroup;
			children = (
				5F936596228F54A60060B7E5 /* Base */,
			);
			name = MainMenu.xib;
			sourceTree = "<group>";
		};
/* End PBXVariantGroup section */

/* Begin XCBuildConfiguration section */
		5F9365A5228F54A60060B7E5 /* Debug */ = {
			isa = XCBuildConfiguration;
			buildSettings = {
				ALWAYS_SEARCH_USER_PATHS = NO;
				CLANG_ANALYZER_NONNULL = YES;
				CLANG_ANALYZER_NUMBER_OBJECT_CONVERSION = YES_AGGRESSIVE;
				CLANG_CXX_LANGUAGE_STANDARD = "gnu++14";
				CLANG_CXX_LIBRARY = "libc++";
				CLANG_ENABLE_MODULES = YES;
				CLANG_ENABLE_OBJC_ARC = YES;
				CLANG_ENABLE_OBJC_WEAK = YES;
				CLANG_WARN_BLOCK_CAPTURE_AUTORELEASING = YES;
				CLANG_WARN_BOOL_CONVERSION = YES;
				CLANG_WARN_COMMA = YES;
				CLANG_WARN_CONSTANT_CONVERSION = YES;
				CLANG_WARN_DEPRECATED_OBJC_IMPLEMENTATIONS = YES;
				CLANG_WARN_DIRECT_OBJC_ISA_USAGE = YES_ERROR;
				CLANG_WARN_DOCUMENTATION_COMMENTS = YES;
				CLANG_WARN_EMPTY_BODY = YES;
				CLANG_WARN_ENUM_CONVERSION = YES;
				CLANG_WARN_INFINITE_RECURSION = YES;
				CLANG_WARN_INT_CONVERSION = YES;
				CLANG_WARN_NON_LITERAL_NULL_CONVERSION = YES;
				CLANG_WARN_OBJC_IMPLICIT_RETAIN_SELF = YES;
				CLANG_WARN_OBJC_LITERAL_CONVERSION = YES;
				CLANG_WARN_OBJC_ROOT_CLASS = YES_ERROR;
				CLANG_WARN_RANGE_LOOP_ANALYSIS = YES;
				CLANG_WARN_STRICT_PROTOTYPES = YES;
				CLANG_WARN_SUSPICIOUS_MOVE = YES;
				CLANG_WARN_UNGUARDED_AVAILABILITY = YES_AGGRESSIVE;
				CLANG_WARN_UNREACHABLE_CODE = YES;
				CLANG_WARN__DUPLICATE_METHOD_MATCH = YES;
				CODE_SIGN_IDENTITY = "Mac Developer";
				COPY_PHASE_STRIP = NO;
				DEBUG_INFORMATION_FORMAT = dwarf;
				ENABLE_STRICT_OBJC_MSGSEND = YES;
				ENABLE_TESTABILITY = YES;
				GCC_C_LANGUAGE_STANDARD = gnu11;
				GCC_DYNAMIC_NO_PIC = NO;
				GCC_NO_COMMON_BLOCKS = YES;
				GCC_OPTIMIZATION_LEVEL = 0;
				GCC_PREPROCESSOR_DEFINITIONS = (
					"DEBUG=1",
					"$(inherited)",
				);
				GCC_WARN_64_TO_32_BIT_CONVERSION = YES;
				GCC_WARN_ABOUT_RETURN_TYPE = YES_ERROR;
				GCC_WARN_UNDECLARED_SELECTOR = YES;
				GCC_WARN_UNINITIALIZED_AUTOS = YES_AGGRESSIVE;
				GCC_WARN_UNUSED_FUNCTION = YES;
				GCC_WARN_UNUSED_VARIABLE = YES;
				MACOSX_DEPLOYMENT_TARGET = 10.14;
				MTL_ENABLE_DEBUG_INFO = INCLUDE_SOURCE;
				MTL_FAST_MATH = YES;
				ONLY_ACTIVE_ARCH = YES;
				SDKROOT = macosx;
				SWIFT_ACTIVE_COMPILATION_CONDITIONS = DEBUG;
				SWIFT_OPTIMIZATION_LEVEL = "-Onone";
			};
			name = Debug;
		};
		5F9365A6228F54A60060B7E5 /* Release */ = {
			isa = XCBuildConfiguration;
			buildSettings = {
				ALWAYS_SEARCH_USER_PATHS = NO;
				CLANG_ANALYZER_NONNULL = YES;
				CLANG_ANALYZER_NUMBER_OBJECT_CONVERSION = YES_AGGRESSIVE;
				CLANG_CXX_LANGUAGE_STANDARD = "gnu++14";
				CLANG_CXX_LIBRARY = "libc++";
				CLANG_ENABLE_MODULES = YES;
				CLANG_ENABLE_OBJC_ARC = YES;
				CLANG_ENABLE_OBJC_WEAK = YES;
				CLANG_WARN_BLOCK_CAPTURE_AUTORELEASING = YES;
				CLANG_WARN_BOOL_CONVERSION = YES;
				CLANG_WARN_COMMA = YES;
				CLANG_WARN_CONSTANT_CONVERSION = YES;
				CLANG_WARN_DEPRECATED_OBJC_IMPLEMENTATIONS = YES;
				CLANG_WARN_DIRECT_OBJC_ISA_USAGE = YES_ERROR;
				CLANG_WARN_DOCUMENTATION_COMMENTS = YES;
				CLANG_WARN_EMPTY_BODY = YES;
				CLANG_WARN_ENUM_CONVERSION = YES;
				CLANG_WARN_INFINITE_RECURSION = YES;
				CLANG_WARN_INT_CONVERSION = YES;
				CLANG_WARN_NON_LITERAL_NULL_CONVERSION = YES;
				CLANG_WARN_OBJC_IMPLICIT_RETAIN_SELF = YES;
				CLANG_WARN_OBJC_LITERAL_CONVERSION = YES;
				CLANG_WARN_OBJC_ROOT_CLASS = YES_ERROR;
				CLANG_WARN_RANGE_LOOP_ANALYSIS = YES;
				CLANG_WARN_STRICT_PROTOTYPES = YES;
				CLANG_WARN_SUSPICIOUS_MOVE = YES;
				CLANG_WARN_UNGUARDED_AVAILABILITY = YES_AGGRESSIVE;
				CLANG_WARN_UNREACHABLE_CODE = YES;
				CLANG_WARN__DUPLICATE_METHOD_MATCH = YES;
				CODE_SIGN_IDENTITY = "Mac Developer";
				COPY_PHASE_STRIP = NO;
				DEBUG_INFORMATION_FORMAT = "dwarf-with-dsym";
				ENABLE_NS_ASSERTIONS = NO;
				ENABLE_STRICT_OBJC_MSGSEND = YES;
				GCC_C_LANGUAGE_STANDARD = gnu11;
				GCC_NO_COMMON_BLOCKS = YES;
				GCC_WARN_64_TO_32_BIT_CONVERSION = YES;
				GCC_WARN_ABOUT_RETURN_TYPE = YES_ERROR;
				GCC_WARN_UNDECLARED_SELECTOR = YES;
				GCC_WARN_UNINITIALIZED_AUTOS = YES_AGGRESSIVE;
				GCC_WARN_UNUSED_FUNCTION = YES;
				GCC_WARN_UNUSED_VARIABLE = YES;
				MACOSX_DEPLOYMENT_TARGET = 10.14;
				MTL_ENABLE_DEBUG_INFO = NO;
				MTL_FAST_MATH = YES;
				SDKROOT = macosx;
				SWIFT_COMPILATION_MODE = wholemodule;
				SWIFT_OPTIMIZATION_LEVEL = "-O";
			};
			name = Release;
		};
		5F9365A8228F54A60060B7E5 /* Debug */ = {
			isa = XCBuildConfiguration;
			buildSettings = {
				ASSETCATALOG_COMPILER_APPICON_NAME = AppIcon;
				CODE_SIGN_ENTITLEMENTS = Pomodoro/Pomodoro.entitlements;
				CODE_SIGN_STYLE = Automatic;
				COMBINE_HIDPI_IMAGES = YES;
				DEVELOPMENT_TEAM = H5S55T5VQ6;
				INFOPLIST_FILE = Pomodoro/Info.plist;
				LD_RUNPATH_SEARCH_PATHS = (
					"$(inherited)",
					"@executable_path/../Frameworks",
				);
				PRODUCT_BUNDLE_IDENTIFIER = com.grahamhealy.Pomodoro;
				PRODUCT_NAME = "$(TARGET_NAME)";
				SWIFT_VERSION = 4.2;
			};
			name = Debug;
		};
		5F9365A9228F54A60060B7E5 /* Release */ = {
			isa = XCBuildConfiguration;
			buildSettings = {
				ASSETCATALOG_COMPILER_APPICON_NAME = AppIcon;
				CODE_SIGN_ENTITLEMENTS = Pomodoro/Pomodoro.entitlements;
				CODE_SIGN_STYLE = Automatic;
				COMBINE_HIDPI_IMAGES = YES;
				DEVELOPMENT_TEAM = H5S55T5VQ6;
				INFOPLIST_FILE = Pomodoro/Info.plist;
				LD_RUNPATH_SEARCH_PATHS = (
					"$(inherited)",
					"@executable_path/../Frameworks",
				);
				PRODUCT_BUNDLE_IDENTIFIER = com.grahamhealy.Pomodoro;
				PRODUCT_NAME = "$(TARGET_NAME)";
				SWIFT_VERSION = 4.2;
			};
			name = Release;
		};
		5F9365AB228F54A60060B7E5 /* Debug */ = {
			isa = XCBuildConfiguration;
			buildSettings = {
				ALWAYS_EMBED_SWIFT_STANDARD_LIBRARIES = YES;
				BUNDLE_LOADER = "$(TEST_HOST)";
				CODE_SIGN_STYLE = Automatic;
				COMBINE_HIDPI_IMAGES = YES;
				DEVELOPMENT_TEAM = H5S55T5VQ6;
				INFOPLIST_FILE = PomodoroTests/Info.plist;
				LD_RUNPATH_SEARCH_PATHS = (
					"$(inherited)",
					"@executable_path/../Frameworks",
					"@loader_path/../Frameworks",
				);
				PRODUCT_BUNDLE_IDENTIFIER = com.grahamhealy.PomodoroTests;
				PRODUCT_NAME = "$(TARGET_NAME)";
				SWIFT_VERSION = 4.2;
				TEST_HOST = "$(BUILT_PRODUCTS_DIR)/Pomodoro.app/Contents/MacOS/Pomodoro";
			};
			name = Debug;
		};
		5F9365AC228F54A60060B7E5 /* Release */ = {
			isa = XCBuildConfiguration;
			buildSettings = {
				ALWAYS_EMBED_SWIFT_STANDARD_LIBRARIES = YES;
				BUNDLE_LOADER = "$(TEST_HOST)";
				CODE_SIGN_STYLE = Automatic;
				COMBINE_HIDPI_IMAGES = YES;
				DEVELOPMENT_TEAM = H5S55T5VQ6;
				INFOPLIST_FILE = PomodoroTests/Info.plist;
				LD_RUNPATH_SEARCH_PATHS = (
					"$(inherited)",
					"@executable_path/../Frameworks",
					"@loader_path/../Frameworks",
				);
				PRODUCT_BUNDLE_IDENTIFIER = com.grahamhealy.PomodoroTests;
				PRODUCT_NAME = "$(TARGET_NAME)";
				SWIFT_VERSION = 4.2;
				TEST_HOST = "$(BUILT_PRODUCTS_DIR)/Pomodoro.app/Contents/MacOS/Pomodoro";
			};
			name = Release;
		};
/* End XCBuildConfiguration section */

/* Begin XCConfigurationList section */
		5F936586228F54A40060B7E5 /* Build configuration list for PBXProject "Pomodoro" */ = {
			isa = XCConfigurationList;
			buildConfigurations = (
				5F9365A5228F54A60060B7E5 /* Debug */,
				5F9365A6228F54A60060B7E5 /* Release */,
			);
			defaultConfigurationIsVisible = 0;
			defaultConfigurationName = Release;
		};
		5F9365A7228F54A60060B7E5 /* Build configuration list for PBXNativeTarget "Pomodoro" */ = {
			isa = XCConfigurationList;
			buildConfigurations = (
				5F9365A8228F54A60060B7E5 /* Debug */,
				5F9365A9228F54A60060B7E5 /* Release */,
			);
			defaultConfigurationIsVisible = 0;
			defaultConfigurationName = Release;
		};
		5F9365AA228F54A60060B7E5 /* Build configuration list for PBXNativeTarget "PomodoroTests" */ = {
			isa = XCConfigurationList;
			buildConfigurations = (
				5F9365AB228F54A60060B7E5 /* Debug */,
				5F9365AC228F54A60060B7E5 /* Release */,
			);
			defaultConfigurationIsVisible = 0;
			defaultConfigurationName = Release;
		};
/* End XCConfigurationList section */

/* Begin XCVersionGroup section */
		5F936590228F54A40060B7E5 /* Pomodoro.xcdatamodeld */ = {
			isa = XCVersionGroup;
			children = (
				5F936591228F54A40060B7E5 /* Pomodoro.xcdatamodel */,
			);
			currentVersion = 5F936591228F54A40060B7E5 /* Pomodoro.xcdatamodel */;
			path = Pomodoro.xcdatamodeld;
			sourceTree = "<group>";
			versionGroupType = wrapper.xcdatamodel;
		};
/* End XCVersionGroup section */
	};
	rootObject = 5F936583228F54A40060B7E5 /* Project object */;
}
